
Microsoft Visual Studio Solution File, Format Version 12.00
# Visual Studio Version 17
VisualStudioVersion = 17.7.34003.232
MinimumVisualStudioVersion = 10.0.40219.1
Project("{FAE04EC0-301F-11D3-BF4B-00C04F79EFBC}") = "Лабораторная 12", "Лабораторная 12.csproj", "{6A4164BD-F2BE-41F6-9446-3423B5178E06}"
EndProject
Project("{FAE04EC0-301F-11D3-BF4B-00C04F79EFBC}") = "UnitTestProject1", "..\UnitTestProject1\UnitTestProject1.csproj", "{011B6E83-B672-4A68-979C-710F209749B6}"
EndProject
Global
	GlobalSection(SolutionConfigurationPlatforms) = preSolution
		Debug|Any CPU = Debug|Any CPU
		Release|Any CPU = Release|Any CPU
	EndGlobalSection
	GlobalSection(ProjectConfigurationPlatforms) = postSolution
		{6A4164BD-F2BE-41F6-9446-3423B5178E06}.Debug|Any CPU.ActiveCfg = Debug|Any CPU
		{6A4164BD-F2BE-41F6-9446-3423B5178E06}.Debug|Any CPU.Build.0 = Debug|Any CPU
		{6A4164BD-F2BE-41F6-9446-3423B5178E06}.Release|Any CPU.ActiveCfg = Release|Any CPU
		{6A4164BD-F2BE-41F6-9446-3423B5178E06}.Release|Any CPU.Build.0 = Release|Any CPU
		{011B6E83-B672-4A68-979C-710F209749B6}.Debug|Any CPU.ActiveCfg = Debug|Any CPU
		{011B6E83-B672-4A68-979C-710F209749B6}.Debug|Any CPU.Build.0 = Debug|Any CPU
		{011B6E83-B672-4A68-979C-710F209749B6}.Release|Any CPU.ActiveCfg = Release|Any CPU
		{011B6E83-B672-4A68-979C-710F209749B6}.Release|Any CPU.Build.0 = Release|Any CPU
	EndGlobalSection
	GlobalSection(SolutionProperties) = preSolution
		HideSolutionNode = FALSE
	EndGlobalSection
	GlobalSection(ExtensibilityGlobals) = postSolution
		SolutionGuid = {5C592D0E-CAA8-4D54-9A0A-1262B4CED2EF}
	EndGlobalSection
EndGlobal
